// !$*UTF8*$!
{
	archiveVersion = 1;
	classes = {
	};
	objectVersion = 46;
	objects = {

/* Begin PBXBuildFile section */
		090E572B1CFD822A00FEEAAB /* CocoaAsyncSocket.framework in Frameworks */ = {isa = PBXBuildFile; fileRef = 090E572A1CFD822A00FEEAAB /* CocoaAsyncSocket.framework */; };
		0BC73AC0F59263FB506978AF /* libz.tbd in Frameworks */ = {isa = PBXBuildFile; fileRef = AC9A0F9D605C36B45E8A010E /* libz.tbd */; };
		12FA860F5ACC22596C0D7124 /* SystemConfiguration.framework in Frameworks */ = {isa = PBXBuildFile; fileRef = 41AD0208CA53B5C3E9A91C37 /* SystemConfiguration.framework */; };
		12FB5166DF3E87165077EF62 /* MapKit.framework in Frameworks */ = {isa = PBXBuildFile; fileRef = BE1F1566CFB8FA17101FBE08 /* MapKit.framework */; };
		1A51B5978695492E723C554A /* MessageUI.framework in Frameworks */ = {isa = PBXBuildFile; fileRef = 2315EA1556086D0A3345FB56 /* MessageUI.framework */; };
		24CCAF27FB328C513263F596 /* Accelerate.framework in Frameworks */ = {isa = PBXBuildFile; fileRef = F812281F332E042FE03CA935 /* Accelerate.framework */; };
		331CECE3981E8389F9BEDEC7 /* CoreGraphics.framework in Frameworks */ = {isa = PBXBuildFile; fileRef = 0155FD80E5BB444D6759D69D /* CoreGraphics.framework */; };
		3D80B2433685F223D5F871C5 /* CoreLocation.framework in Frameworks */ = {isa = PBXBuildFile; fileRef = 30781AE51428622409DBB526 /* CoreLocation.framework */; };
		4E66C3C40CB385CF211F977D /* ImageIO.framework in Frameworks */ = {isa = PBXBuildFile; fileRef = 247BF16B1E6DEFF3DF8F6B1B /* ImageIO.framework */; };
		5001D01420C8AE1EDD1FA8E1 /* MobileCoreServices.framework in Frameworks */ = {isa = PBXBuildFile; fileRef = 3C1892E77068361F155D48B5 /* MobileCoreServices.framework */; };
		5A501971188FD0280022E07C /* Foundation.framework in Frameworks */ = {isa = PBXBuildFile; fileRef = 5A501970188FD0280022E07C /* Foundation.framework */; };
		5A501978188FD0280022E07C /* EUExLog.m in Sources */ = {isa = PBXBuildFile; fileRef = 5A501977188FD0280022E07C /* EUExLog.m */; };
		9453AC468412757CA5AFA490 /* UIKit.framework in Frameworks */ = {isa = PBXBuildFile; fileRef = 3652973F798DEA74753F069E /* UIKit.framework */; };
		A98932DE1DD6DCD66EE14598 /* QuartzCore.framework in Frameworks */ = {isa = PBXBuildFile; fileRef = 0D2421A4504273800C4C7AAC /* QuartzCore.framework */; };
		B323D21A5504B9C4973642AE /* AVFoundation.framework in Frameworks */ = {isa = PBXBuildFile; fileRef = C1A5FA39E4601073654D590B /* AVFoundation.framework */; };
		BF3700E2416FE1C3EC60A3A4 /* libstdc++.tbd in Frameworks */ = {isa = PBXBuildFile; fileRef = D39B7CF54F3D458DACE28311 /* libstdc++.tbd */; };
		CA237F985C3681C1B5C0410F /* CFNetWork.framework in Frameworks */ = {isa = PBXBuildFile; fileRef = EB14FD483EDA8F5AAC85BC2A /* CFNetWork.framework */; };
		CD76BA74A21477517CF8CDAF /* CoreImage.framework in Frameworks */ = {isa = PBXBuildFile; fileRef = 4DB8C642C9D77066F1CB7F55 /* CoreImage.framework */; };
		D09760CA65F898808D735996 /* libsqlite3.tbd in Frameworks */ = {isa = PBXBuildFile; fileRef = 1AAD986F57D75CF3AE004C2B /* libsqlite3.tbd */; };
		DAB7088CA5511B914918E985 /* AudioToolbox.framework in Frameworks */ = {isa = PBXBuildFile; fileRef = 776918704759CAAD1ACEA297 /* AudioToolbox.framework */; };
		DE9037568BA86D742534E32C /* libc++.tbd in Frameworks */ = {isa = PBXBuildFile; fileRef = 199D9401180DCEBB34A5B932 /* libc++.tbd */; };
		F871B6F2973ED38A38AA2520 /* AppCanEngine.framework in Frameworks */ = {isa = PBXBuildFile; fileRef = B9BC9114AE7C46C82349AD34 /* AppCanEngine.framework */; };
/* End PBXBuildFile section */

/* Begin PBXFileReference section */
		0155FD80E5BB444D6759D69D /* CoreGraphics.framework */ = {isa = PBXFileReference; fileEncoding = 4; lastKnownFileType = wrapper.framework; name = CoreGraphics.framework; path = System/Library/Frameworks/CoreGraphics.framework; sourceTree = SDKROOT; };
		090E572A1CFD822A00FEEAAB /* CocoaAsyncSocket.framework */ = {isa = PBXFileReference; lastKnownFileType = wrapper.framework; path = CocoaAsyncSocket.framework; sourceTree = "<group>"; };
		0D2421A4504273800C4C7AAC /* QuartzCore.framework */ = {isa = PBXFileReference; fileEncoding = 4; lastKnownFileType = wrapper.framework; name = QuartzCore.framework; path = System/Library/Frameworks/QuartzCore.framework; sourceTree = SDKROOT; };
		199D9401180DCEBB34A5B932 /* libc++.tbd */ = {isa = PBXFileReference; fileEncoding = 4; lastKnownFileType = archive.ar; name = "libc++.tbd"; path = "usr/lib/libc++.tbd"; sourceTree = SDKROOT; };
		1AAD986F57D75CF3AE004C2B /* libsqlite3.tbd */ = {isa = PBXFileReference; fileEncoding = 4; lastKnownFileType = archive.ar; name = libsqlite3.tbd; path = usr/lib/libsqlite3.tbd; sourceTree = SDKROOT; };
		2315EA1556086D0A3345FB56 /* MessageUI.framework */ = {isa = PBXFileReference; fileEncoding = 4; lastKnownFileType = wrapper.framework; name = MessageUI.framework; path = System/Library/Frameworks/MessageUI.framework; sourceTree = SDKROOT; };
		247BF16B1E6DEFF3DF8F6B1B /* ImageIO.framework */ = {isa = PBXFileReference; fileEncoding = 4; lastKnownFileType = wrapper.framework; name = ImageIO.framework; path = System/Library/Frameworks/ImageIO.framework; sourceTree = SDKROOT; };
		30781AE51428622409DBB526 /* CoreLocation.framework */ = {isa = PBXFileReference; fileEncoding = 4; lastKnownFileType = wrapper.framework; name = CoreLocation.framework; path = System/Library/Frameworks/CoreLocation.framework; sourceTree = SDKROOT; };
		3652973F798DEA74753F069E /* UIKit.framework */ = {isa = PBXFileReference; fileEncoding = 4; lastKnownFileType = wrapper.framework; name = UIKit.framework; path = System/Library/Frameworks/UIKit.framework; sourceTree = SDKROOT; };
		3C1892E77068361F155D48B5 /* MobileCoreServices.framework */ = {isa = PBXFileReference; fileEncoding = 4; lastKnownFileType = wrapper.framework; name = MobileCoreServices.framework; path = System/Library/Frameworks/MobileCoreServices.framework; sourceTree = SDKROOT; };
		41AD0208CA53B5C3E9A91C37 /* SystemConfiguration.framework */ = {isa = PBXFileReference; fileEncoding = 4; lastKnownFileType = wrapper.framework; name = SystemConfiguration.framework; path = System/Library/Frameworks/SystemConfiguration.framework; sourceTree = SDKROOT; };
		42D7F7531CFFF96600447B4C /* BUtility.h */ = {isa = PBXFileReference; fileEncoding = 4; lastKnownFileType = sourcecode.c.h; path = BUtility.h; sourceTree = "<group>"; };
		46A1ACC283E6A9F780AE6CAA /* info.plist */ = {isa = PBXFileReference; fileEncoding = 4; lastKnownFileType = text.plist.strings; name = info.plist; path = "../../../AppCanPluginTools-iOS/resource/IDEPluginProjectPackageResource/info.plist"; sourceTree = "<group>"; };
		4DB8C642C9D77066F1CB7F55 /* CoreImage.framework */ = {isa = PBXFileReference; fileEncoding = 4; lastKnownFileType = wrapper.framework; name = CoreImage.framework; path = System/Library/Frameworks/CoreImage.framework; sourceTree = SDKROOT; };
		5A50196D188FD0280022E07C /* uexLog.framework */ = {isa = PBXFileReference; explicitFileType = wrapper.framework; includeInIndex = 0; path = uexLog.framework; sourceTree = BUILT_PRODUCTS_DIR; };
		5A501970188FD0280022E07C /* Foundation.framework */ = {isa = PBXFileReference; lastKnownFileType = wrapper.framework; name = Foundation.framework; path = System/Library/Frameworks/Foundation.framework; sourceTree = SDKROOT; };
		5A501974188FD0280022E07C /* EUExLog-Prefix.pch */ = {isa = PBXFileReference; lastKnownFileType = sourcecode.c.h; path = "EUExLog-Prefix.pch"; sourceTree = "<group>"; };
		5A501977188FD0280022E07C /* EUExLog.m */ = {isa = PBXFileReference; lastKnownFileType = sourcecode.c.objc; path = EUExLog.m; sourceTree = "<group>"; };
		5A501998188FD0930022E07C /* EUExBaseDefine.h */ = {isa = PBXFileReference; fileEncoding = 4; lastKnownFileType = sourcecode.c.h; path = EUExBaseDefine.h; sourceTree = "<group>"; };
		5A501999188FD0930022E07C /* EUtility.h */ = {isa = PBXFileReference; fileEncoding = 4; lastKnownFileType = sourcecode.c.h; path = EUtility.h; sourceTree = "<group>"; };
		776918704759CAAD1ACEA297 /* AudioToolbox.framework */ = {isa = PBXFileReference; fileEncoding = 4; lastKnownFileType = wrapper.framework; name = AudioToolbox.framework; path = System/Library/Frameworks/AudioToolbox.framework; sourceTree = SDKROOT; };
		AC9A0F9D605C36B45E8A010E /* libz.tbd */ = {isa = PBXFileReference; fileEncoding = 4; lastKnownFileType = archive.ar; name = libz.tbd; path = usr/lib/libz.tbd; sourceTree = SDKROOT; };
		B9BC9114AE7C46C82349AD34 /* AppCanEngine.framework */ = {isa = PBXFileReference; fileEncoding = 4; lastKnownFileType = wrapper.framework; name = AppCanEngine.framework; path = "../../../AppCanPluginTools-iOS/resource/IDEPluginProjectPackageResource/AppCanEngine.framework"; sourceTree = "<group>"; };
		BE1F1566CFB8FA17101FBE08 /* MapKit.framework */ = {isa = PBXFileReference; fileEncoding = 4; lastKnownFileType = wrapper.framework; name = MapKit.framework; path = System/Library/Frameworks/MapKit.framework; sourceTree = SDKROOT; };
		C1A5FA39E4601073654D590B /* AVFoundation.framework */ = {isa = PBXFileReference; fileEncoding = 4; lastKnownFileType = wrapper.framework; name = AVFoundation.framework; path = System/Library/Frameworks/AVFoundation.framework; sourceTree = SDKROOT; };
		D39B7CF54F3D458DACE28311 /* libstdc++.tbd */ = {isa = PBXFileReference; fileEncoding = 4; lastKnownFileType = archive.ar; name = "libstdc++.tbd"; path = "usr/lib/libstdc++.tbd"; sourceTree = SDKROOT; };
		EB14FD483EDA8F5AAC85BC2A /* CFNetWork.framework */ = {isa = PBXFileReference; fileEncoding = 4; lastKnownFileType = wrapper.framework; name = CFNetWork.framework; path = System/Library/Frameworks/CFNetWork.framework; sourceTree = SDKROOT; };
		F812281F332E042FE03CA935 /* Accelerate.framework */ = {isa = PBXFileReference; fileEncoding = 4; lastKnownFileType = wrapper.framework; name = Accelerate.framework; path = System/Library/Frameworks/Accelerate.framework; sourceTree = SDKROOT; };
		FC16252F18AB6FCE00BEF700 /* EUExLog.h */ = {isa = PBXFileReference; lastKnownFileType = sourcecode.c.h; path = EUExLog.h; sourceTree = "<group>"; };
/* End PBXFileReference section */

/* Begin PBXFrameworksBuildPhase section */
		5A50196A188FD0280022E07C /* Frameworks */ = {
			isa = PBXFrameworksBuildPhase;
			buildActionMask = 2147483647;
			files = (
				090E572B1CFD822A00FEEAAB /* CocoaAsyncSocket.framework in Frameworks */,
				5A501971188FD0280022E07C /* Foundation.framework in Frameworks */,
				12FB5166DF3E87165077EF62 /* MapKit.framework in Frameworks */,
				DAB7088CA5511B914918E985 /* AudioToolbox.framework in Frameworks */,
				12FA860F5ACC22596C0D7124 /* SystemConfiguration.framework in Frameworks */,
				4E66C3C40CB385CF211F977D /* ImageIO.framework in Frameworks */,
				CA237F985C3681C1B5C0410F /* CFNetWork.framework in Frameworks */,
				5001D01420C8AE1EDD1FA8E1 /* MobileCoreServices.framework in Frameworks */,
				9453AC468412757CA5AFA490 /* UIKit.framework in Frameworks */,
				331CECE3981E8389F9BEDEC7 /* CoreGraphics.framework in Frameworks */,
				A98932DE1DD6DCD66EE14598 /* QuartzCore.framework in Frameworks */,
				CD76BA74A21477517CF8CDAF /* CoreImage.framework in Frameworks */,
				3D80B2433685F223D5F871C5 /* CoreLocation.framework in Frameworks */,
				1A51B5978695492E723C554A /* MessageUI.framework in Frameworks */,
				24CCAF27FB328C513263F596 /* Accelerate.framework in Frameworks */,
				B323D21A5504B9C4973642AE /* AVFoundation.framework in Frameworks */,
				DE9037568BA86D742534E32C /* libc++.tbd in Frameworks */,
				BF3700E2416FE1C3EC60A3A4 /* libstdc++.tbd in Frameworks */,
				D09760CA65F898808D735996 /* libsqlite3.tbd in Frameworks */,
				0BC73AC0F59263FB506978AF /* libz.tbd in Frameworks */,
				F871B6F2973ED38A38AA2520 /* AppCanEngine.framework in Frameworks */,
			);
			runOnlyForDeploymentPostprocessing = 0;
		};
/* End PBXFrameworksBuildPhase section */

/* Begin PBXGroup section */
		36FACB196277ED0B8EBB1F98 /* IDE-Frameworks */ = {
			isa = PBXGroup;
			children = (
				BE1F1566CFB8FA17101FBE08 /* MapKit.framework */,
				776918704759CAAD1ACEA297 /* AudioToolbox.framework */,
				41AD0208CA53B5C3E9A91C37 /* SystemConfiguration.framework */,
				247BF16B1E6DEFF3DF8F6B1B /* ImageIO.framework */,
				EB14FD483EDA8F5AAC85BC2A /* CFNetWork.framework */,
				3C1892E77068361F155D48B5 /* MobileCoreServices.framework */,
				3652973F798DEA74753F069E /* UIKit.framework */,
				0155FD80E5BB444D6759D69D /* CoreGraphics.framework */,
				0D2421A4504273800C4C7AAC /* QuartzCore.framework */,
				4DB8C642C9D77066F1CB7F55 /* CoreImage.framework */,
				30781AE51428622409DBB526 /* CoreLocation.framework */,
				2315EA1556086D0A3345FB56 /* MessageUI.framework */,
				F812281F332E042FE03CA935 /* Accelerate.framework */,
				C1A5FA39E4601073654D590B /* AVFoundation.framework */,
				199D9401180DCEBB34A5B932 /* libc++.tbd */,
				D39B7CF54F3D458DACE28311 /* libstdc++.tbd */,
				1AAD986F57D75CF3AE004C2B /* libsqlite3.tbd */,
				AC9A0F9D605C36B45E8A010E /* libz.tbd */,
			);
			path = "IDE-Frameworks";
			sourceTree = "<group>";
		};
		5A501964188FD0280022E07C = {
			isa = PBXGroup;
			children = (
				5A501972188FD0280022E07C /* EUExLog */,
				5A50196F188FD0280022E07C /* Frameworks */,
				36FACB196277ED0B8EBB1F98 /* IDE-Frameworks */,
				99DC1A72557234054CB0D8C9 /* AppCanEngine */,
				5A50196E188FD0280022E07C /* Products */,
			);
			sourceTree = "<group>";
		};
		5A50196E188FD0280022E07C /* Products */ = {
			isa = PBXGroup;
			children = (
				5A50196D188FD0280022E07C /* uexLog.framework */,
			);
			name = Products;
			sourceTree = "<group>";
		};
		5A50196F188FD0280022E07C /* Frameworks */ = {
			isa = PBXGroup;
			children = (
				5A501970188FD0280022E07C /* Foundation.framework */,
			);
			name = Frameworks;
			sourceTree = "<group>";
		};
		5A501972188FD0280022E07C /* EUExLog */ = {
			isa = PBXGroup;
			children = (
				FC16252F18AB6FCE00BEF700 /* EUExLog.h */,
				5A501977188FD0280022E07C /* EUExLog.m */,
				5A501996188FD0930022E07C /* engineHeader */,
				5A50199A188FD0930022E07C /* sourceCode */,
				5A501973188FD0280022E07C /* Supporting Files */,
			);
			path = EUExLog;
			sourceTree = "<group>";
		};
		5A501973188FD0280022E07C /* Supporting Files */ = {
			isa = PBXGroup;
			children = (
				5A501974188FD0280022E07C /* EUExLog-Prefix.pch */,
			);
			name = "Supporting Files";
			sourceTree = "<group>";
		};
		5A501996188FD0930022E07C /* engineHeader */ = {
			isa = PBXGroup;
			children = (
				42D7F7531CFFF96600447B4C /* BUtility.h */,
				5A501998188FD0930022E07C /* EUExBaseDefine.h */,
				5A501999188FD0930022E07C /* EUtility.h */,
			);
			path = engineHeader;
			sourceTree = "<group>";
		};
		5A50199A188FD0930022E07C /* sourceCode */ = {
			isa = PBXGroup;
			children = (
				090E572A1CFD822A00FEEAAB /* CocoaAsyncSocket.framework */,
			);
			path = sourceCode;
			sourceTree = "<group>";
		};
		99DC1A72557234054CB0D8C9 /* AppCanEngine */ = {
			isa = PBXGroup;
			children = (
				B9BC9114AE7C46C82349AD34 /* AppCanEngine.framework */,
				46A1ACC283E6A9F780AE6CAA /* info.plist */,
			);
			path = AppCanEngine;
			sourceTree = "<group>";
		};
/* End PBXGroup section */

/* Begin PBXNativeTarget section */
		5A50196C188FD0280022E07C /* EUExLog */ = {
			isa = PBXNativeTarget;
			buildConfigurationList = 5A501990188FD0280022E07C /* Build configuration list for PBXNativeTarget "EUExLog" */;
			buildPhases = (
				5A501969188FD0280022E07C /* Sources */,
				5A50196A188FD0280022E07C /* Frameworks */,
			);
			buildRules = (
			);
			dependencies = (
			);
			name = EUExLog;
			productName = EUExLog;
			productReference = 5A50196D188FD0280022E07C /* uexLog.framework */;
			productType = "com.apple.product-type.framework";
		};
/* End PBXNativeTarget section */

/* Begin PBXProject section */
		5A501965188FD0280022E07C /* Project object */ = {
			isa = PBXProject;
			attributes = {
				LastUpgradeCheck = 0500;
				ORGANIZATIONNAME = xll;
			};
			buildConfigurationList = 5A501968188FD0280022E07C /* Build configuration list for PBXProject "EUExLogIDE" */;
			compatibilityVersion = "Xcode 3.2";
			developmentRegion = English;
			hasScannedForEncodings = 0;
			knownRegions = (
				en,
			);
			mainGroup = 5A501964188FD0280022E07C;
			productRefGroup = 5A50196E188FD0280022E07C /* Products */;
			projectDirPath = "";
			projectRoot = "";
			targets = (
				5A50196C188FD0280022E07C /* EUExLog */,
			);
		};
/* End PBXProject section */

/* Begin PBXSourcesBuildPhase section */
		5A501969188FD0280022E07C /* Sources */ = {
			isa = PBXSourcesBuildPhase;
			buildActionMask = 2147483647;
			files = (
				5A501978188FD0280022E07C /* EUExLog.m in Sources */,
			);
			runOnlyForDeploymentPostprocessing = 0;
		};
/* End PBXSourcesBuildPhase section */

/* Begin XCBuildConfiguration section */
		5A50198E188FD0280022E07C /* Debug */ = {
			isa = XCBuildConfiguration;
			buildSettings = {
				ALWAYS_SEARCH_USER_PATHS = NO;
				ARCHS = "$(ARCHS_STANDARD_INCLUDING_64_BIT)";
				CLANG_CXX_LANGUAGE_STANDARD = "gnu++0x";
				CLANG_CXX_LIBRARY = "libc++";
				CLANG_ENABLE_MODULES = YES;
				CLANG_ENABLE_OBJC_ARC = YES;
				CLANG_WARN_BOOL_CONVERSION = YES;
				CLANG_WARN_CONSTANT_CONVERSION = YES;
				CLANG_WARN_DIRECT_OBJC_ISA_USAGE = YES_ERROR;
				CLANG_WARN_EMPTY_BODY = YES;
				CLANG_WARN_ENUM_CONVERSION = YES;
				CLANG_WARN_INT_CONVERSION = YES;
				CLANG_WARN_OBJC_ROOT_CLASS = YES_ERROR;
				CLANG_WARN__DUPLICATE_METHOD_MATCH = YES;
				COPY_PHASE_STRIP = NO;
				DEBUG_INFORMATION_FORMAT = dwarf;
				GCC_C_LANGUAGE_STANDARD = gnu99;
				GCC_DYNAMIC_NO_PIC = NO;
				GCC_OPTIMIZATION_LEVEL = 0;
				GCC_PREPROCESSOR_DEFINITIONS = (
					"DEBUG=1",
					"$(inherited)",
				);
				GCC_SYMBOLS_PRIVATE_EXTERN = NO;
				GCC_WARN_64_TO_32_BIT_CONVERSION = YES;
				GCC_WARN_ABOUT_RETURN_TYPE = YES_ERROR;
				GCC_WARN_UNDECLARED_SELECTOR = YES;
				GCC_WARN_UNINITIALIZED_AUTOS = YES;
				GCC_WARN_UNUSED_FUNCTION = YES;
				GCC_WARN_UNUSED_VARIABLE = YES;
				IPHONEOS_DEPLOYMENT_TARGET = 8.0;
				ONLY_ACTIVE_ARCH = NO;
				SDKROOT = iphoneos;
				TARGETED_DEVICE_FAMILY = "1,2";
			};
			name = Debug;
		};
		5A50198F188FD0280022E07C /* Release */ = {
			isa = XCBuildConfiguration;
			buildSettings = {
				ALWAYS_SEARCH_USER_PATHS = NO;
				ARCHS = "$(ARCHS_STANDARD_INCLUDING_64_BIT)";
				CLANG_CXX_LANGUAGE_STANDARD = "gnu++0x";
				CLANG_CXX_LIBRARY = "libc++";
				CLANG_ENABLE_MODULES = YES;
				CLANG_ENABLE_OBJC_ARC = YES;
				CLANG_WARN_BOOL_CONVERSION = YES;
				CLANG_WARN_CONSTANT_CONVERSION = YES;
				CLANG_WARN_DIRECT_OBJC_ISA_USAGE = YES_ERROR;
				CLANG_WARN_EMPTY_BODY = YES;
				CLANG_WARN_ENUM_CONVERSION = YES;
				CLANG_WARN_INT_CONVERSION = YES;
				CLANG_WARN_OBJC_ROOT_CLASS = YES_ERROR;
				CLANG_WARN__DUPLICATE_METHOD_MATCH = YES;
				COPY_PHASE_STRIP = YES;
				DEBUG_INFORMATION_FORMAT = dwarf;
				ENABLE_NS_ASSERTIONS = NO;
				GCC_C_LANGUAGE_STANDARD = gnu99;
				GCC_WARN_64_TO_32_BIT_CONVERSION = YES;
				GCC_WARN_ABOUT_RETURN_TYPE = YES_ERROR;
				GCC_WARN_UNDECLARED_SELECTOR = YES;
				GCC_WARN_UNINITIALIZED_AUTOS = YES;
				GCC_WARN_UNUSED_FUNCTION = YES;
				GCC_WARN_UNUSED_VARIABLE = YES;
				IPHONEOS_DEPLOYMENT_TARGET = 8.0;
				ONLY_ACTIVE_ARCH = NO;
				SDKROOT = iphoneos;
				TARGETED_DEVICE_FAMILY = "1,2";
				VALIDATE_PRODUCT = YES;
			};
			name = Release;
		};
		5A501991188FD0280022E07C /* Debug */ = {
			isa = XCBuildConfiguration;
			buildSettings = {
				ARCHS = "$(ARCHS_STANDARD)";
				BUNDLE_IDENTIFIER = com.zywx.runner;
				CLANG_ENABLE_OBJC_ARC = YES;
				CONFIGURATION_BUILD_DIR = "$(SRCROOT)/uexLog/IDE/";
				DEBUG_INFORMATION_FORMAT = dwarf;
				DEFINES_MODULE = YES;
				DSTROOT = /tmp/EUExLog.dst;
				DYLIB_COMPATIBILITY_VERSION = 1;
				DYLIB_CURRENT_VERSION = 1;
				DYLIB_INSTALL_NAME_BASE = "@rpath";
				ENABLE_BITCODE = NO;
				FRAMEWORK_SEARCH_PATHS = (
					"$(inherited)",
					"$(PROJECT_DIR)/EUExLog/sourceCode",
					"$(PROJECT_DIR)",
					"$(SRCROOT)/../../AppCanPluginTools-iOS/resource/IDEPluginProjectPackageResource",
				);
				GCC_PRECOMPILE_PREFIX_HEADER = YES;
				GCC_PREFIX_HEADER = "EUExLog/EUExLog-Prefix.pch";
				HEADER_SEARCH_PATHS = "$(SRCROOT)/../../AppCanPluginTools-iOS/resource/IDEPluginProjectPackageResource";
				INFOPLIST_FILE = "$(SRCROOT)/../../AppCanPluginTools-iOS/resource/IDEPluginProjectPackageResource/info.plist";
				INSTALL_PATH = "$(LOCAL_LIBRARY_DIR)/Frameworks";
				IPHONEOS_DEPLOYMENT_TARGET = 8.0;
				LD_RUNPATH_SEARCH_PATHS = "$(inherited) @executable_path/Frameworks @executable_path @loader_path/Frameworks @loader_path";
				LIBRARY_SEARCH_PATHS = (
					"$(inherited)",
					"$(SRCROOT)/../../AppCanPluginTools-iOS/resource/IDEPluginProjectPackageResource",
				);
				ONLY_ACTIVE_ARCH = NO;
				OTHER_LDFLAGS = (
					"-ObjC",
					"$(SRCROOT)/../../AppCanPluginTools-iOS/resource/IDEPluginProjectPackageResource/AppCanKit.framework/AppCanKit",
				);
				PRODUCT_NAME = uexLog;
				PROVISIONING_PROFILE = "3046553f-5c0d-4f94-8f3c-dd49ce267880";
				SKIP_INSTALL = YES;
			};
			name = Debug;
		};
		5A501992188FD0280022E07C /* Release */ = {
			isa = XCBuildConfiguration;
			buildSettings = {
				ARCHS = "$(ARCHS_STANDARD)";
				BUNDLE_IDENTIFIER = com.zywx.runner;
				CLANG_ENABLE_OBJC_ARC = YES;
				CONFIGURATION_BUILD_DIR = "$(SRCROOT)/uexLog/IDE/";
				DEBUG_INFORMATION_FORMAT = dwarf;
				DEFINES_MODULE = YES;
				DSTROOT = /tmp/EUExLog.dst;
				DYLIB_COMPATIBILITY_VERSION = 1;
				DYLIB_CURRENT_VERSION = 1;
				DYLIB_INSTALL_NAME_BASE = "@rpath";
				ENABLE_BITCODE = NO;
				FRAMEWORK_SEARCH_PATHS = (
					"$(inherited)",
					"$(PROJECT_DIR)/EUExLog/sourceCode",
					"$(PROJECT_DIR)",
					"$(SRCROOT)/../../AppCanPluginTools-iOS/resource/IDEPluginProjectPackageResource",
				);
				GCC_PRECOMPILE_PREFIX_HEADER = YES;
				GCC_PREFIX_HEADER = "EUExLog/EUExLog-Prefix.pch";
				HEADER_SEARCH_PATHS = "$(SRCROOT)/../../AppCanPluginTools-iOS/resource/IDEPluginProjectPackageResource";
				INFOPLIST_FILE = "$(SRCROOT)/../../AppCanPluginTools-iOS/resource/IDEPluginProjectPackageResource/info.plist";
				INSTALL_PATH = "$(LOCAL_LIBRARY_DIR)/Frameworks";
				IPHONEOS_DEPLOYMENT_TARGET = 8.0;
				LD_RUNPATH_SEARCH_PATHS = "$(inherited) @executable_path/Frameworks @executable_path @loader_path/Frameworks @loader_path";
				LIBRARY_SEARCH_PATHS = (
					"$(inherited)",
					"$(SRCROOT)/../../AppCanPluginTools-iOS/resource/IDEPluginProjectPackageResource",
				);
				ONLY_ACTIVE_ARCH = NO;
				OTHER_LDFLAGS = (
					"-ObjC",
					"$(SRCROOT)/../../AppCanPluginTools-iOS/resource/IDEPluginProjectPackageResource/AppCanKit.framework/AppCanKit",
				);
				PRODUCT_NAME = uexLog;
				PROVISIONING_PROFILE = "3046553f-5c0d-4f94-8f3c-dd49ce267880";
				SKIP_INSTALL = YES;
			};
			name = Release;
		};
/* End XCBuildConfiguration section */

/* Begin XCConfigurationList section */
		5A501968188FD0280022E07C /* Build configuration list for PBXProject "EUExLogIDE" */ = {
			isa = XCConfigurationList;
			buildConfigurations = (
				5A50198E188FD0280022E07C /* Debug */,
				5A50198F188FD0280022E07C /* Release */,
			);
			defaultConfigurationIsVisible = 0;
			defaultConfigurationName = Release;
		};
		5A501990188FD0280022E07C /* Build configuration list for PBXNativeTarget "EUExLog" */ = {
			isa = XCConfigurationList;
			buildConfigurations = (
				5A501991188FD0280022E07C /* Debug */,
				5A501992188FD0280022E07C /* Release */,
			);
			defaultConfigurationIsVisible = 0;
			defaultConfigurationName = Release;
		};
/* End XCConfigurationList section */
	};
	rootObject = 5A501965188FD0280022E07C /* Project object */;
}
